
Microsoft Visual Studio Solution File, Format Version 12.00
Project("{FAE04EC0-301F-11D3-BF4B-00C04F79EFBC}") = "MVC-forum", "MVC-forum\MVC-forum.csproj", "{C0155036-9B89-40E6-9BE6-AD05BFCB6D7B}"
EndProject
Global
	GlobalSection(SolutionConfigurationPlatforms) = preSolution
		Debug|Any CPU = Debug|Any CPU
		Release|Any CPU = Release|Any CPU
	EndGlobalSection
	GlobalSection(ProjectConfigurationPlatforms) = postSolution
		{C0155036-9B89-40E6-9BE6-AD05BFCB6D7B}.Debug|Any CPU.ActiveCfg = Debug|Any CPU
		{C0155036-9B89-40E6-9BE6-AD05BFCB6D7B}.Debug|Any CPU.Build.0 = Debug|Any CPU
		{C0155036-9B89-40E6-9BE6-AD05BFCB6D7B}.Release|Any CPU.ActiveCfg = Release|Any CPU
		{C0155036-9B89-40E6-9BE6-AD05BFCB6D7B}.Release|Any CPU.Build.0 = Release|Any CPU
	EndGlobalSection
EndGlobal
